
Microsoft Visual Studio Solution File, Format Version 12.00
# Visual Studio Version 16
VisualStudioVersion = 16.0.31105.61
MinimumVisualStudioVersion = 10.0.40219.1
Project("{FAE04EC0-301F-11D3-BF4B-00C04F79EFBC}") = "HuaiweiPhoneImportFileDateReapir", "HuaiweiPhoneImportFileDateReapir.csproj", "{8AF322F3-01F9-495E-88F8-C1AD618AC72C}"
EndProject
Global
	GlobalSection(SolutionConfigurationPlatforms) = preSolution
		Debug|Any CPU = Debug|Any CPU
		Release|Any CPU = Release|Any CPU
	EndGlobalSection
	GlobalSection(ProjectConfigurationPlatforms) = postSolution
		{8AF322F3-01F9-495E-88F8-C1AD618AC72C}.Debug|Any CPU.ActiveCfg = Debug|Any CPU
		{8AF322F3-01F9-495E-88F8-C1AD618AC72C}.Debug|Any CPU.Build.0 = Debug|Any CPU
		{8AF322F3-01F9-495E-88F8-C1AD618AC72C}.Release|Any CPU.ActiveCfg = Release|Any CPU
		{8AF322F3-01F9-495E-88F8-C1AD618AC72C}.Release|Any CPU.Build.0 = Release|Any CPU
	EndGlobalSection
	GlobalSection(SolutionProperties) = preSolution
		HideSolutionNode = FALSE
	EndGlobalSection
	GlobalSection(ExtensibilityGlobals) = postSolution
		SolutionGuid = {B812B19E-7776-4E74-8729-51C7E3F7F54D}
	EndGlobalSection
EndGlobal
